// !$*UTF8*$!
{
	archiveVersion = 1;
	classes = {
	};
	objectVersion = 46;
	objects = {

/* Begin PBXBuildFile section */
		848CC2D41F24A7B600B0EF78 /* Identifiable.swift in Sources */ = {isa = PBXBuildFile; fileRef = 848CC2D31F24A7B600B0EF78 /* Identifiable.swift */; };
		BA0891081E0C90C100A1F16A /* UIStoryboards+Extensions.stencil in Resources */ = {isa = PBXBuildFile; fileRef = BA0891071E0C90C100A1F16A /* UIStoryboards+Extensions.stencil */; };
		BA29BDD91DF5164C00D325D3 /* AmazingProjectTests.swift in Sources */ = {isa = PBXBuildFile; fileRef = BA29BDD81DF5164C00D325D3 /* AmazingProjectTests.swift */; };
		BA9BABF91E0B62CF00B18085 /* UIView+Extensions.swift in Sources */ = {isa = PBXBuildFile; fileRef = BA9BABF61E0B62CF00B18085 /* UIView+Extensions.swift */; };
		BA9BABFA1E0B62CF00B18085 /* UIViewController+Extensions.swift in Sources */ = {isa = PBXBuildFile; fileRef = BA9BABF71E0B62CF00B18085 /* UIViewController+Extensions.swift */; };
		BA9BAC041E0B8EC000B18085 /* UIStoryboard+Extensions.swift in Sources */ = {isa = PBXBuildFile; fileRef = BA9BAC031E0B8EC000B18085 /* UIStoryboard+Extensions.swift */; };
		BA9FC6571DFF6AA1004316AD /* AmazingStoryboard.storyboard in Resources */ = {isa = PBXBuildFile; fileRef = BA9FC6491DFF6AA1004316AD /* AmazingStoryboard.storyboard */; };
		BA9FC6581DFF6AA1004316AD /* AmazingView.swift in Sources */ = {isa = PBXBuildFile; fileRef = BA9FC64A1DFF6AA1004316AD /* AmazingView.swift */; };
		BA9FC6591DFF6AA1004316AD /* AmazingView.xib in Resources */ = {isa = PBXBuildFile; fileRef = BA9FC64B1DFF6AA1004316AD /* AmazingView.xib */; };
		BA9FC65A1DFF6AA1004316AD /* AppDelegate.swift in Sources */ = {isa = PBXBuildFile; fileRef = BA9FC64C1DFF6AA1004316AD /* AppDelegate.swift */; };
		BA9FC65B1DFF6AA1004316AD /* Assets.xcassets in Resources */ = {isa = PBXBuildFile; fileRef = BA9FC64D1DFF6AA1004316AD /* Assets.xcassets */; };
		BA9FC65D1DFF6AA1004316AD /* Main.storyboard in Resources */ = {isa = PBXBuildFile; fileRef = BA9FC6501DFF6AA1004316AD /* Main.storyboard */; };
		BA9FC65E1DFF6AA1004316AD /* Info.plist in Resources */ = {isa = PBXBuildFile; fileRef = BA9FC6521DFF6AA1004316AD /* Info.plist */; };
		BA9FC6621DFF6AA1004316AD /* ViewController.swift in Sources */ = {isa = PBXBuildFile; fileRef = BA9FC6561DFF6AA1004316AD /* ViewController.swift */; };
/* End PBXBuildFile section */

/* Begin PBXContainerItemProxy section */
		BA29BDDB1DF5164C00D325D3 /* PBXContainerItemProxy */ = {
			isa = PBXContainerItemProxy;
			containerPortal = BAF710721DED560C00EAC4AB /* Project object */;
			proxyType = 1;
			remoteGlobalIDString = BAF710791DED560C00EAC4AB;
			remoteInfo = Storyboard;
		};
/* End PBXContainerItemProxy section */

/* Begin PBXFileReference section */
		848CC2D31F24A7B600B0EF78 /* Identifiable.swift */ = {isa = PBXFileReference; fileEncoding = 4; lastKnownFileType = sourcecode.swift; path = Identifiable.swift; sourceTree = "<group>"; };
		BA0891071E0C90C100A1F16A /* UIStoryboards+Extensions.stencil */ = {isa = PBXFileReference; fileEncoding = 4; lastKnownFileType = text; path = "UIStoryboards+Extensions.stencil"; sourceTree = "<group>"; };
		BA29BDD61DF5164C00D325D3 /* AmazingProjectTests.xctest */ = {isa = PBXFileReference; explicitFileType = wrapper.cfbundle; includeInIndex = 0; path = AmazingProjectTests.xctest; sourceTree = BUILT_PRODUCTS_DIR; };
		BA29BDD81DF5164C00D325D3 /* AmazingProjectTests.swift */ = {isa = PBXFileReference; lastKnownFileType = sourcecode.swift; path = AmazingProjectTests.swift; sourceTree = "<group>"; };
		BA29BDDA1DF5164C00D325D3 /* Info.plist */ = {isa = PBXFileReference; lastKnownFileType = text.plist.xml; path = Info.plist; sourceTree = "<group>"; };
		BA7233F41E0CE2F300352499 /* SwiftGen.playground */ = {isa = PBXFileReference; lastKnownFileType = file.playground; path = SwiftGen.playground; sourceTree = "<group>"; };
		BA9BABF61E0B62CF00B18085 /* UIView+Extensions.swift */ = {isa = PBXFileReference; fileEncoding = 4; lastKnownFileType = sourcecode.swift; path = "UIView+Extensions.swift"; sourceTree = "<group>"; };
		BA9BABF71E0B62CF00B18085 /* UIViewController+Extensions.swift */ = {isa = PBXFileReference; fileEncoding = 4; lastKnownFileType = sourcecode.swift; path = "UIViewController+Extensions.swift"; sourceTree = "<group>"; };
		BA9BAC031E0B8EC000B18085 /* UIStoryboard+Extensions.swift */ = {isa = PBXFileReference; fileEncoding = 4; lastKnownFileType = sourcecode.swift; path = "UIStoryboard+Extensions.swift"; sourceTree = "<group>"; };
		BA9FC6491DFF6AA1004316AD /* AmazingStoryboard.storyboard */ = {isa = PBXFileReference; fileEncoding = 4; lastKnownFileType = file.storyboard; path = AmazingStoryboard.storyboard; sourceTree = "<group>"; };
		BA9FC64A1DFF6AA1004316AD /* AmazingView.swift */ = {isa = PBXFileReference; fileEncoding = 4; lastKnownFileType = sourcecode.swift; path = AmazingView.swift; sourceTree = "<group>"; };
		BA9FC64B1DFF6AA1004316AD /* AmazingView.xib */ = {isa = PBXFileReference; fileEncoding = 4; lastKnownFileType = file.xib; path = AmazingView.xib; sourceTree = "<group>"; };
		BA9FC64C1DFF6AA1004316AD /* AppDelegate.swift */ = {isa = PBXFileReference; fileEncoding = 4; lastKnownFileType = sourcecode.swift; path = AppDelegate.swift; sourceTree = "<group>"; };
		BA9FC64D1DFF6AA1004316AD /* Assets.xcassets */ = {isa = PBXFileReference; lastKnownFileType = folder.assetcatalog; path = Assets.xcassets; sourceTree = "<group>"; };
		BA9FC6511DFF6AA1004316AD /* Base */ = {isa = PBXFileReference; lastKnownFileType = file.storyboard; name = Base; path = Base.lproj/Main.storyboard; sourceTree = "<group>"; };
		BA9FC6521DFF6AA1004316AD /* Info.plist */ = {isa = PBXFileReference; fileEncoding = 4; lastKnownFileType = text.plist.xml; path = Info.plist; sourceTree = "<group>"; };
		BA9FC6561DFF6AA1004316AD /* ViewController.swift */ = {isa = PBXFileReference; fileEncoding = 4; lastKnownFileType = sourcecode.swift; path = ViewController.swift; sourceTree = "<group>"; };
		BAF7107A1DED560C00EAC4AB /* AmazingProject.app */ = {isa = PBXFileReference; explicitFileType = wrapper.application; includeInIndex = 0; path = AmazingProject.app; sourceTree = BUILT_PRODUCTS_DIR; };
/* End PBXFileReference section */

/* Begin PBXFrameworksBuildPhase section */
		BA29BDD31DF5164C00D325D3 /* Frameworks */ = {
			isa = PBXFrameworksBuildPhase;
			buildActionMask = 2147483647;
			files = (
			);
			runOnlyForDeploymentPostprocessing = 0;
		};
		BAF710771DED560C00EAC4AB /* Frameworks */ = {
			isa = PBXFrameworksBuildPhase;
			buildActionMask = 2147483647;
			files = (
			);
			runOnlyForDeploymentPostprocessing = 0;
		};
/* End PBXFrameworksBuildPhase section */

/* Begin PBXGroup section */
		BA29BDD71DF5164C00D325D3 /* AmazingProjectTests */ = {
			isa = PBXGroup;
			children = (
				BA29BDD81DF5164C00D325D3 /* AmazingProjectTests.swift */,
				BA29BDDA1DF5164C00D325D3 /* Info.plist */,
			);
			name = AmazingProjectTests;
			path = StoryboardTests;
			sourceTree = "<group>";
		};
		BA9BABF41E0B62CF00B18085 /* Extensions */ = {
			isa = PBXGroup;
			children = (
				BA9BAC021E0B8E8E00B18085 /* SwiftGen */,
				BA9BABF61E0B62CF00B18085 /* UIView+Extensions.swift */,
				BA9BABF71E0B62CF00B18085 /* UIViewController+Extensions.swift */,
				848CC2D31F24A7B600B0EF78 /* Identifiable.swift */,
			);
			path = Extensions;
			sourceTree = "<group>";
		};
		BA9BAC021E0B8E8E00B18085 /* SwiftGen */ = {
			isa = PBXGroup;
			children = (
				BA0891071E0C90C100A1F16A /* UIStoryboards+Extensions.stencil */,
				BA9BAC031E0B8EC000B18085 /* UIStoryboard+Extensions.swift */,
			);
			path = SwiftGen;
			sourceTree = "<group>";
		};
		BA9FC6481DFF6AA1004316AD /* AmazingProject */ = {
			isa = PBXGroup;
			children = (
				BA9FC64C1DFF6AA1004316AD /* AppDelegate.swift */,
				BA9FC6561DFF6AA1004316AD /* ViewController.swift */,
				BA9FC6501DFF6AA1004316AD /* Main.storyboard */,
				BA9FC6491DFF6AA1004316AD /* AmazingStoryboard.storyboard */,
				BA9FC64A1DFF6AA1004316AD /* AmazingView.swift */,
				BA9FC64B1DFF6AA1004316AD /* AmazingView.xib */,
				BA9BABF41E0B62CF00B18085 /* Extensions */,
				BA9FC6641DFF6BB0004316AD /* Resources */,
			);
			path = AmazingProject;
			sourceTree = "<group>";
		};
		BA9FC6641DFF6BB0004316AD /* Resources */ = {
			isa = PBXGroup;
			children = (
				BA9FC64D1DFF6AA1004316AD /* Assets.xcassets */,
				BA9FC6521DFF6AA1004316AD /* Info.plist */,
			);
			name = Resources;
			sourceTree = "<group>";
		};
		BAF710711DED560C00EAC4AB = {
			isa = PBXGroup;
			children = (
				BA7233F41E0CE2F300352499 /* SwiftGen.playground */,
				BA9FC6481DFF6AA1004316AD /* AmazingProject */,
				BA29BDD71DF5164C00D325D3 /* AmazingProjectTests */,
				BAF7107B1DED560C00EAC4AB /* Products */,
			);
			sourceTree = "<group>";
		};
		BAF7107B1DED560C00EAC4AB /* Products */ = {
			isa = PBXGroup;
			children = (
				BAF7107A1DED560C00EAC4AB /* AmazingProject.app */,
				BA29BDD61DF5164C00D325D3 /* AmazingProjectTests.xctest */,
			);
			name = Products;
			sourceTree = "<group>";
		};
/* End PBXGroup section */

/* Begin PBXNativeTarget section */
		BA29BDD51DF5164C00D325D3 /* AmazingProjectTests */ = {
			isa = PBXNativeTarget;
			buildConfigurationList = BA29BDDD1DF5164C00D325D3 /* Build configuration list for PBXNativeTarget "AmazingProjectTests" */;
			buildPhases = (
				BA29BDD21DF5164C00D325D3 /* Sources */,
				BA29BDD31DF5164C00D325D3 /* Frameworks */,
				BA29BDD41DF5164C00D325D3 /* Resources */,
			);
			buildRules = (
			);
			dependencies = (
				BA29BDDC1DF5164C00D325D3 /* PBXTargetDependency */,
			);
			name = AmazingProjectTests;
			productName = StoryboardTests;
			productReference = BA29BDD61DF5164C00D325D3 /* AmazingProjectTests.xctest */;
			productType = "com.apple.product-type.bundle.unit-test";
		};
		BAF710791DED560C00EAC4AB /* AmazingProject */ = {
			isa = PBXNativeTarget;
			buildConfigurationList = BAF7108C1DED560C00EAC4AB /* Build configuration list for PBXNativeTarget "AmazingProject" */;
			buildPhases = (
				BA9BABF31E0B610900B18085 /* ShellScript */,
				BAF710761DED560C00EAC4AB /* Sources */,
				BAF710771DED560C00EAC4AB /* Frameworks */,
				BAF710781DED560C00EAC4AB /* Resources */,
			);
			buildRules = (
			);
			dependencies = (
			);
			name = AmazingProject;
			productName = Storyboard;
			productReference = BAF7107A1DED560C00EAC4AB /* AmazingProject.app */;
			productType = "com.apple.product-type.application";
		};
/* End PBXNativeTarget section */

/* Begin PBXProject section */
		BAF710721DED560C00EAC4AB /* Project object */ = {
			isa = PBXProject;
			attributes = {
				LastSwiftUpdateCheck = 0810;
				LastUpgradeCheck = 0810;
				ORGANIZATIONNAME = "Mazen Kasser";
				TargetAttributes = {
					BA29BDD51DF5164C00D325D3 = {
						CreatedOnToolsVersion = 8.1;
						DevelopmentTeam = 473EN4MVVH;
						ProvisioningStyle = Automatic;
						TestTargetID = BAF710791DED560C00EAC4AB;
					};
					BAF710791DED560C00EAC4AB = {
						CreatedOnToolsVersion = 8.1;
						DevelopmentTeam = 473EN4MVVH;
						LastSwiftMigration = 0810;
						ProvisioningStyle = Automatic;
					};
				};
			};
			buildConfigurationList = BAF710751DED560C00EAC4AB /* Build configuration list for PBXProject "AmazingProject" */;
			compatibilityVersion = "Xcode 3.2";
			developmentRegion = English;
			hasScannedForEncodings = 0;
			knownRegions = (
				en,
				Base,
			);
			mainGroup = BAF710711DED560C00EAC4AB;
			productRefGroup = BAF7107B1DED560C00EAC4AB /* Products */;
			projectDirPath = "";
			projectRoot = "";
			targets = (
				BAF710791DED560C00EAC4AB /* AmazingProject */,
				BA29BDD51DF5164C00D325D3 /* AmazingProjectTests */,
			);
		};
/* End PBXProject section */

/* Begin PBXResourcesBuildPhase section */
		BA29BDD41DF5164C00D325D3 /* Resources */ = {
			isa = PBXResourcesBuildPhase;
			buildActionMask = 2147483647;
			files = (
			);
			runOnlyForDeploymentPostprocessing = 0;
		};
		BAF710781DED560C00EAC4AB /* Resources */ = {
			isa = PBXResourcesBuildPhase;
			buildActionMask = 2147483647;
			files = (
				BA9FC6591DFF6AA1004316AD /* AmazingView.xib in Resources */,
				BA9FC65D1DFF6AA1004316AD /* Main.storyboard in Resources */,
				BA9FC65E1DFF6AA1004316AD /* Info.plist in Resources */,
				BA9FC65B1DFF6AA1004316AD /* Assets.xcassets in Resources */,
				BA0891081E0C90C100A1F16A /* UIStoryboards+Extensions.stencil in Resources */,
				BA9FC6571DFF6AA1004316AD /* AmazingStoryboard.storyboard in Resources */,
			);
			runOnlyForDeploymentPostprocessing = 0;
		};
/* End PBXResourcesBuildPhase section */

/* Begin PBXShellScriptBuildPhase section */
		BA9BABF31E0B610900B18085 /* ShellScript */ = {
			isa = PBXShellScriptBuildPhase;
			buildActionMask = 2147483647;
			files = (
			);
			inputPaths = (
			);
			outputPaths = (
			);
			runOnlyForDeploymentPostprocessing = 0;
			shellPath = /bin/sh;
			shellScript = "if which swiftgen >/dev/null; then\nswiftgen storyboards -p \"$PROJECT_DIR/$TARGET_NAME/Extensions/SwiftGen/UIStoryboards+Extensions.stencil\" \"$PROJECT_DIR\" -o \"$PROJECT_DIR/$TARGET_NAME/Extensions/SwiftGen/UIStoryboard+Extensions.swift\"\nelse\necho \"warning: SwiftGen not installed, download it from https://github.com/AliSoftware/SwiftGen\"\nfi";
		};
/* End PBXShellScriptBuildPhase section */

/* Begin PBXSourcesBuildPhase section */
		BA29BDD21DF5164C00D325D3 /* Sources */ = {
			isa = PBXSourcesBuildPhase;
			buildActionMask = 2147483647;
			files = (
				BA29BDD91DF5164C00D325D3 /* AmazingProjectTests.swift in Sources */,
			);
			runOnlyForDeploymentPostprocessing = 0;
		};
		BAF710761DED560C00EAC4AB /* Sources */ = {
			isa = PBXSourcesBuildPhase;
			buildActionMask = 2147483647;
			files = (
				BA9BAC041E0B8EC000B18085 /* UIStoryboard+Extensions.swift in Sources */,
				BA9FC6621DFF6AA1004316AD /* ViewController.swift in Sources */,
				BA9FC65A1DFF6AA1004316AD /* AppDelegate.swift in Sources */,
				BA9BABF91E0B62CF00B18085 /* UIView+Extensions.swift in Sources */,
				848CC2D41F24A7B600B0EF78 /* Identifiable.swift in Sources */,
				BA9BABFA1E0B62CF00B18085 /* UIViewController+Extensions.swift in Sources */,
				BA9FC6581DFF6AA1004316AD /* AmazingView.swift in Sources */,
			);
			runOnlyForDeploymentPostprocessing = 0;
		};
/* End PBXSourcesBuildPhase section */

/* Begin PBXTargetDependency section */
		BA29BDDC1DF5164C00D325D3 /* PBXTargetDependency */ = {
			isa = PBXTargetDependency;
			target = BAF710791DED560C00EAC4AB /* AmazingProject */;
			targetProxy = BA29BDDB1DF5164C00D325D3 /* PBXContainerItemProxy */;
		};
/* End PBXTargetDependency section */

/* Begin PBXVariantGroup section */
		BA9FC6501DFF6AA1004316AD /* Main.storyboard */ = {
			isa = PBXVariantGroup;
			children = (
				BA9FC6511DFF6AA1004316AD /* Base */,
			);
			name = Main.storyboard;
			sourceTree = "<group>";
		};
/* End PBXVariantGroup section */

/* Begin XCBuildConfiguration section */
		BA29BDDE1DF5164C00D325D3 /* Debug */ = {
			isa = XCBuildConfiguration;
			buildSettings = {
				ALWAYS_EMBED_SWIFT_STANDARD_LIBRARIES = YES;
				BUNDLE_LOADER = "$(TEST_HOST)";
				DEVELOPMENT_TEAM = 473EN4MVVH;
				INFOPLIST_FILE = StoryboardTests/Info.plist;
				LD_RUNPATH_SEARCH_PATHS = "$(inherited) @executable_path/Frameworks @loader_path/Frameworks";
				PRODUCT_BUNDLE_IDENTIFIER = au.com.mazenkasser.StoryboardTests;
				PRODUCT_NAME = "$(TARGET_NAME)";
				SWIFT_VERSION = 3.0;
				TEST_HOST = "$(BUILT_PRODUCTS_DIR)/AmazingProject.app/AmazingProject";
			};
			name = Debug;
		};
		BA29BDDF1DF5164C00D325D3 /* Release */ = {
			isa = XCBuildConfiguration;
			buildSettings = {
				ALWAYS_EMBED_SWIFT_STANDARD_LIBRARIES = YES;
				BUNDLE_LOADER = "$(TEST_HOST)";
				DEVELOPMENT_TEAM = 473EN4MVVH;
				INFOPLIST_FILE = StoryboardTests/Info.plist;
				LD_RUNPATH_SEARCH_PATHS = "$(inherited) @executable_path/Frameworks @loader_path/Frameworks";
				PRODUCT_BUNDLE_IDENTIFIER = au.com.mazenkasser.StoryboardTests;
				PRODUCT_NAME = "$(TARGET_NAME)";
				SWIFT_VERSION = 3.0;
				TEST_HOST = "$(BUILT_PRODUCTS_DIR)/AmazingProject.app/AmazingProject";
			};
			name = Release;
		};
		BAF7108A1DED560C00EAC4AB /* Debug */ = {
			isa = XCBuildConfiguration;
			buildSettings = {
				ALWAYS_SEARCH_USER_PATHS = NO;
				CLANG_ANALYZER_NONNULL = YES;
				CLANG_CXX_LANGUAGE_STANDARD = "gnu++0x";
				CLANG_CXX_LIBRARY = "libc++";
				CLANG_ENABLE_MODULES = YES;
				CLANG_ENABLE_OBJC_ARC = YES;
				CLANG_WARN_BOOL_CONVERSION = YES;
				CLANG_WARN_CONSTANT_CONVERSION = YES;
				CLANG_WARN_DIRECT_OBJC_ISA_USAGE = YES_ERROR;
				CLANG_WARN_DOCUMENTATION_COMMENTS = YES;
				CLANG_WARN_EMPTY_BODY = YES;
				CLANG_WARN_ENUM_CONVERSION = YES;
				CLANG_WARN_INFINITE_RECURSION = YES;
				CLANG_WARN_INT_CONVERSION = YES;
				CLANG_WARN_OBJC_ROOT_CLASS = YES_ERROR;
				CLANG_WARN_SUSPICIOUS_MOVES = YES;
				CLANG_WARN_UNREACHABLE_CODE = YES;
				CLANG_WARN__DUPLICATE_METHOD_MATCH = YES;
				"CODE_SIGN_IDENTITY[sdk=iphoneos*]" = "iPhone Developer";
				COPY_PHASE_STRIP = NO;
				DEBUG_INFORMATION_FORMAT = dwarf;
				ENABLE_STRICT_OBJC_MSGSEND = YES;
				ENABLE_TESTABILITY = YES;
				GCC_C_LANGUAGE_STANDARD = gnu99;
				GCC_DYNAMIC_NO_PIC = NO;
				GCC_NO_COMMON_BLOCKS = YES;
				GCC_OPTIMIZATION_LEVEL = 0;
				GCC_PREPROCESSOR_DEFINITIONS = (
					"DEBUG=1",
					"$(inherited)",
				);
				GCC_WARN_64_TO_32_BIT_CONVERSION = YES;
				GCC_WARN_ABOUT_RETURN_TYPE = YES_ERROR;
				GCC_WARN_UNDECLARED_SELECTOR = YES;
				GCC_WARN_UNINITIALIZED_AUTOS = YES_AGGRESSIVE;
				GCC_WARN_UNUSED_FUNCTION = YES;
				GCC_WARN_UNUSED_VARIABLE = YES;
				IPHONEOS_DEPLOYMENT_TARGET = 10.1;
				MTL_ENABLE_DEBUG_INFO = YES;
				ONLY_ACTIVE_ARCH = YES;
				SDKROOT = iphoneos;
				SWIFT_ACTIVE_COMPILATION_CONDITIONS = DEBUG;
				SWIFT_OPTIMIZATION_LEVEL = "-Onone";
			};
			name = Debug;
		};
		BAF7108B1DED560C00EAC4AB /* Release */ = {
			isa = XCBuildConfiguration;
			buildSettings = {
				ALWAYS_SEARCH_USER_PATHS = NO;
				CLANG_ANALYZER_NONNULL = YES;
				CLANG_CXX_LANGUAGE_STANDARD = "gnu++0x";
				CLANG_CXX_LIBRARY = "libc++";
				CLANG_ENABLE_MODULES = YES;
				CLANG_ENABLE_OBJC_ARC = YES;
				CLANG_WARN_BOOL_CONVERSION = YES;
				CLANG_WARN_CONSTANT_CONVERSION = YES;
				CLANG_WARN_DIRECT_OBJC_ISA_USAGE = YES_ERROR;
				CLANG_WARN_DOCUMENTATION_COMMENTS = YES;
				CLANG_WARN_EMPTY_BODY = YES;
				CLANG_WARN_ENUM_CONVERSION = YES;
				CLANG_WARN_INFINITE_RECURSION = YES;
				CLANG_WARN_INT_CONVERSION = YES;
				CLANG_WARN_OBJC_ROOT_CLASS = YES_ERROR;
				CLANG_WARN_SUSPICIOUS_MOVES = YES;
				CLANG_WARN_UNREACHABLE_CODE = YES;
				CLANG_WARN__DUPLICATE_METHOD_MATCH = YES;
				"CODE_SIGN_IDENTITY[sdk=iphoneos*]" = "iPhone Developer";
				COPY_PHASE_STRIP = NO;
				DEBUG_INFORMATION_FORMAT = "dwarf-with-dsym";
				ENABLE_NS_ASSERTIONS = NO;
				ENABLE_STRICT_OBJC_MSGSEND = YES;
				GCC_C_LANGUAGE_STANDARD = gnu99;
				GCC_NO_COMMON_BLOCKS = YES;
				GCC_WARN_64_TO_32_BIT_CONVERSION = YES;
				GCC_WARN_ABOUT_RETURN_TYPE = YES_ERROR;
				GCC_WARN_UNDECLARED_SELECTOR = YES;
				GCC_WARN_UNINITIALIZED_AUTOS = YES_AGGRESSIVE;
				GCC_WARN_UNUSED_FUNCTION = YES;
				GCC_WARN_UNUSED_VARIABLE = YES;
				IPHONEOS_DEPLOYMENT_TARGET = 10.1;
				MTL_ENABLE_DEBUG_INFO = NO;
				SDKROOT = iphoneos;
				SWIFT_OPTIMIZATION_LEVEL = "-Owholemodule";
				VALIDATE_PRODUCT = YES;
			};
			name = Release;
		};
		BAF7108D1DED560C00EAC4AB /* Debug */ = {
			isa = XCBuildConfiguration;
			buildSettings = {
				ASSETCATALOG_COMPILER_APPICON_NAME = AppIcon;
				CLANG_ENABLE_MODULES = YES;
				DEVELOPMENT_TEAM = 473EN4MVVH;
				INFOPLIST_FILE = AmazingProject/Info.plist;
				LD_RUNPATH_SEARCH_PATHS = "$(inherited) @executable_path/Frameworks";
				PRODUCT_BUNDLE_IDENTIFIER = au.com.mazenkasser.AmazingProject;
				PRODUCT_NAME = "$(TARGET_NAME)";
				SWIFT_OPTIMIZATION_LEVEL = "-Onone";
				SWIFT_VERSION = 3.0;
			};
			name = Debug;
		};
		BAF7108E1DED560C00EAC4AB /* Release */ = {
			isa = XCBuildConfiguration;
			buildSettings = {
				ASSETCATALOG_COMPILER_APPICON_NAME = AppIcon;
				CLANG_ENABLE_MODULES = YES;
				DEVELOPMENT_TEAM = 473EN4MVVH;
				INFOPLIST_FILE = AmazingProject/Info.plist;
				LD_RUNPATH_SEARCH_PATHS = "$(inherited) @executable_path/Frameworks";
				PRODUCT_BUNDLE_IDENTIFIER = au.com.mazenkasser.AmazingProject;
				PRODUCT_NAME = "$(TARGET_NAME)";
				SWIFT_VERSION = 3.0;
			};
			name = Release;
		};
/* End XCBuildConfiguration section */

/* Begin XCConfigurationList section */
		BA29BDDD1DF5164C00D325D3 /* Build configuration list for PBXNativeTarget "AmazingProjectTests" */ = {
			isa = XCConfigurationList;
			buildConfigurations = (
				BA29BDDE1DF5164C00D325D3 /* Debug */,
				BA29BDDF1DF5164C00D325D3 /* Release */,
			);
			defaultConfigurationIsVisible = 0;
			defaultConfigurationName = Release;
		};
		BAF710751DED560C00EAC4AB /* Build configuration list for PBXProject "AmazingProject" */ = {
			isa = XCConfigurationList;
			buildConfigurations = (
				BAF7108A1DED560C00EAC4AB /* Debug */,
				BAF7108B1DED560C00EAC4AB /* Release */,
			);
			defaultConfigurationIsVisible = 0;
			defaultConfigurationName = Release;
		};
		BAF7108C1DED560C00EAC4AB /* Build configuration list for PBXNativeTarget "AmazingProject" */ = {
			isa = XCConfigurationList;
			buildConfigurations = (
				BAF7108D1DED560C00EAC4AB /* Debug */,
				BAF7108E1DED560C00EAC4AB /* Release */,
			);
			defaultConfigurationIsVisible = 0;
			defaultConfigurationName = Release;
		};
/* End XCConfigurationList section */
	};
	rootObject = BAF710721DED560C00EAC4AB /* Project object */;
}
